
Microsoft Visual Studio Solution File, Format Version 12.00
# Visual Studio Version 17
VisualStudioVersion = 17.4.33205.214
MinimumVisualStudioVersion = 10.0.40219.1
Project("{FAE04EC0-301F-11D3-BF4B-00C04F79EFBC}") = "ShopWest.Server", "ShopWest\Server\ShopWest.Server.csproj", "{16A234E5-2B04-4C36-9881-5D8D43B3132E}"
EndProject
Project("{FAE04EC0-301F-11D3-BF4B-00C04F79EFBC}") = "ShopWest.Client", "ShopWest\Client\ShopWest.Client.csproj", "{36681E0E-D111-4711-8077-F820671CADC9}"
EndProject
Project("{FAE04EC0-301F-11D3-BF4B-00C04F79EFBC}") = "ShopWest.Shared", "ShopWest\Shared\ShopWest.Shared.csproj", "{3F3EA721-EA55-49F0-8D8C-44FBF9785165}"
EndProject
Global
	GlobalSection(SolutionConfigurationPlatforms) = preSolution
		Debug|Any CPU = Debug|Any CPU
		Release|Any CPU = Release|Any CPU
	EndGlobalSection
	GlobalSection(ProjectConfigurationPlatforms) = postSolution
		{16A234E5-2B04-4C36-9881-5D8D43B3132E}.Debug|Any CPU.ActiveCfg = Debug|Any CPU
		{16A234E5-2B04-4C36-9881-5D8D43B3132E}.Debug|Any CPU.Build.0 = Debug|Any CPU
		{16A234E5-2B04-4C36-9881-5D8D43B3132E}.Release|Any CPU.ActiveCfg = Release|Any CPU
		{16A234E5-2B04-4C36-9881-5D8D43B3132E}.Release|Any CPU.Build.0 = Release|Any CPU
		{36681E0E-D111-4711-8077-F820671CADC9}.Debug|Any CPU.ActiveCfg = Debug|Any CPU
		{36681E0E-D111-4711-8077-F820671CADC9}.Debug|Any CPU.Build.0 = Debug|Any CPU
		{36681E0E-D111-4711-8077-F820671CADC9}.Release|Any CPU.ActiveCfg = Release|Any CPU
		{36681E0E-D111-4711-8077-F820671CADC9}.Release|Any CPU.Build.0 = Release|Any CPU
		{3F3EA721-EA55-49F0-8D8C-44FBF9785165}.Debug|Any CPU.ActiveCfg = Debug|Any CPU
		{3F3EA721-EA55-49F0-8D8C-44FBF9785165}.Debug|Any CPU.Build.0 = Debug|Any CPU
		{3F3EA721-EA55-49F0-8D8C-44FBF9785165}.Release|Any CPU.ActiveCfg = Release|Any CPU
		{3F3EA721-EA55-49F0-8D8C-44FBF9785165}.Release|Any CPU.Build.0 = Release|Any CPU
	EndGlobalSection
	GlobalSection(SolutionProperties) = preSolution
		HideSolutionNode = FALSE
	EndGlobalSection
	GlobalSection(ExtensibilityGlobals) = postSolution
		SolutionGuid = {8AA26DB3-A6B1-4BC1-8D71-47DEFD4C9837}
	EndGlobalSection
EndGlobal
